
Microsoft Visual Studio Solution File, Format Version 12.00
# Visual Studio Version 16
VisualStudioVersion = 16.0.31105.61
MinimumVisualStudioVersion = 10.0.40219.1
Project("{8BC9CEB8-8B4A-11D0-8D11-00A0C91BC942}") = "位操作符", "位操作符\位操作符.vcxproj", "{563AA63A-0643-402F-8307-1143CD9C5AD9}"
EndProject
Global
	GlobalSection(SolutionConfigurationPlatforms) = preSolution
		Debug|x64 = Debug|x64
		Debug|x86 = Debug|x86
		Release|x64 = Release|x64
		Release|x86 = Release|x86
	EndGlobalSection
	GlobalSection(ProjectConfigurationPlatforms) = postSolution
		{563AA63A-0643-402F-8307-1143CD9C5AD9}.Debug|x64.ActiveCfg = Debug|x64
		{563AA63A-0643-402F-8307-1143CD9C5AD9}.Debug|x64.Build.0 = Debug|x64
		{563AA63A-0643-402F-8307-1143CD9C5AD9}.Debug|x86.ActiveCfg = Debug|Win32
		{563AA63A-0643-402F-8307-1143CD9C5AD9}.Debug|x86.Build.0 = Debug|Win32
		{563AA63A-0643-402F-8307-1143CD9C5AD9}.Release|x64.ActiveCfg = Release|x64
		{563AA63A-0643-402F-8307-1143CD9C5AD9}.Release|x64.Build.0 = Release|x64
		{563AA63A-0643-402F-8307-1143CD9C5AD9}.Release|x86.ActiveCfg = Release|Win32
		{563AA63A-0643-402F-8307-1143CD9C5AD9}.Release|x86.Build.0 = Release|Win32
	EndGlobalSection
	GlobalSection(SolutionProperties) = preSolution
		HideSolutionNode = FALSE
	EndGlobalSection
	GlobalSection(ExtensibilityGlobals) = postSolution
		SolutionGuid = {B8449EC5-8229-4267-A6C8-FEECF956452E}
	EndGlobalSection
EndGlobal
